
Microsoft Visual Studio Solution File, Format Version 12.00
# Visual Studio Version 17
VisualStudioVersion = 17.0.32126.317
MinimumVisualStudioVersion = 10.0.40219.1
Project("{FAE04EC0-301F-11D3-BF4B-00C04F79EFBC}") = "FiguresLibrary", "FiguresLibrary\FiguresLibrary.csproj", "{D3194D9F-4990-4ED1-B526-41DAC18ED7AE}"
EndProject
Project("{9A19103F-16F7-4668-BE54-9A1E7A4F7556}") = "FigureAreas.Tests", "FigureAreas.Tests\FigureAreas.Tests.csproj", "{2D335456-C567-4296-9D1D-A6F5DBC0D1A1}"
EndProject
Global
	GlobalSection(SolutionConfigurationPlatforms) = preSolution
		Debug|Any CPU = Debug|Any CPU
		Release|Any CPU = Release|Any CPU
	EndGlobalSection
	GlobalSection(ProjectConfigurationPlatforms) = postSolution
		{D3194D9F-4990-4ED1-B526-41DAC18ED7AE}.Debug|Any CPU.ActiveCfg = Debug|Any CPU
		{D3194D9F-4990-4ED1-B526-41DAC18ED7AE}.Debug|Any CPU.Build.0 = Debug|Any CPU
		{D3194D9F-4990-4ED1-B526-41DAC18ED7AE}.Release|Any CPU.ActiveCfg = Release|Any CPU
		{D3194D9F-4990-4ED1-B526-41DAC18ED7AE}.Release|Any CPU.Build.0 = Release|Any CPU
		{2D335456-C567-4296-9D1D-A6F5DBC0D1A1}.Debug|Any CPU.ActiveCfg = Debug|Any CPU
		{2D335456-C567-4296-9D1D-A6F5DBC0D1A1}.Debug|Any CPU.Build.0 = Debug|Any CPU
		{2D335456-C567-4296-9D1D-A6F5DBC0D1A1}.Release|Any CPU.ActiveCfg = Release|Any CPU
		{2D335456-C567-4296-9D1D-A6F5DBC0D1A1}.Release|Any CPU.Build.0 = Release|Any CPU
	EndGlobalSection
	GlobalSection(SolutionProperties) = preSolution
		HideSolutionNode = FALSE
	EndGlobalSection
	GlobalSection(ExtensibilityGlobals) = postSolution
		SolutionGuid = {715D53DA-3655-414A-B087-C6B762B8E866}
	EndGlobalSection
EndGlobal
